
Microsoft Visual Studio Solution File, Format Version 12.00
# Visual Studio 15
VisualStudioVersion = 15.0.26430.13
MinimumVisualStudioVersion = 10.0.40219.1
Project("{9A19103F-16F7-4668-BE54-9A1E7A4F7556}") = "CSharpCompiler", "CSharpCompiler\CSharpCompiler.csproj", "{72DC4EA1-3596-4DCE-AD54-777AA0617603}"
EndProject
Project("{9A19103F-16F7-4668-BE54-9A1E7A4F7556}") = "CSharpCompiler.Tests", "CSharpCompiler.Tests\CSharpCompiler.Tests.csproj", "{E10165B8-58E1-4F87-9B32-6F3840C437CC}"
EndProject
Project("{9A19103F-16F7-4668-BE54-9A1E7A4F7556}") = "CSharpCompiler.Cmd", "CSharpCompiler.Cmd\CSharpCompiler.Cmd.csproj", "{055CE108-C8E3-47A8-AB28-F1C85B8BB459}"
EndProject
Global
	GlobalSection(Performance) = preSolution
		HasPerformanceSessions = true
	EndGlobalSection
	GlobalSection(SolutionConfigurationPlatforms) = preSolution
		Debug|Any CPU = Debug|Any CPU
		Release|Any CPU = Release|Any CPU
	EndGlobalSection
	GlobalSection(ProjectConfigurationPlatforms) = postSolution
		{72DC4EA1-3596-4DCE-AD54-777AA0617603}.Debug|Any CPU.ActiveCfg = Debug|Any CPU
		{72DC4EA1-3596-4DCE-AD54-777AA0617603}.Debug|Any CPU.Build.0 = Debug|Any CPU
		{72DC4EA1-3596-4DCE-AD54-777AA0617603}.Release|Any CPU.ActiveCfg = Release|Any CPU
		{72DC4EA1-3596-4DCE-AD54-777AA0617603}.Release|Any CPU.Build.0 = Release|Any CPU
		{E10165B8-58E1-4F87-9B32-6F3840C437CC}.Debug|Any CPU.ActiveCfg = Debug|Any CPU
		{E10165B8-58E1-4F87-9B32-6F3840C437CC}.Debug|Any CPU.Build.0 = Debug|Any CPU
		{E10165B8-58E1-4F87-9B32-6F3840C437CC}.Release|Any CPU.ActiveCfg = Release|Any CPU
		{E10165B8-58E1-4F87-9B32-6F3840C437CC}.Release|Any CPU.Build.0 = Release|Any CPU
		{055CE108-C8E3-47A8-AB28-F1C85B8BB459}.Debug|Any CPU.ActiveCfg = Debug|Any CPU
		{055CE108-C8E3-47A8-AB28-F1C85B8BB459}.Debug|Any CPU.Build.0 = Debug|Any CPU
		{055CE108-C8E3-47A8-AB28-F1C85B8BB459}.Release|Any CPU.ActiveCfg = Release|Any CPU
		{055CE108-C8E3-47A8-AB28-F1C85B8BB459}.Release|Any CPU.Build.0 = Release|Any CPU
	EndGlobalSection
	GlobalSection(SolutionProperties) = preSolution
		HideSolutionNode = FALSE
	EndGlobalSection
EndGlobal
