
Microsoft Visual Studio Solution File, Format Version 12.00
# Visual Studio 14
VisualStudioVersion = 14.0.25420.1
MinimumVisualStudioVersion = 10.0.40219.1
Project("{FAE04EC0-301F-11D3-BF4B-00C04F79EFBC}") = "CSharpCompiler", "CSharpCompiler\CSharpCompiler.csproj", "{96B8AA30-90BD-436B-AAC1-FBEA37FA0F8D}"
EndProject
Project("{FAE04EC0-301F-11D3-BF4B-00C04F79EFBC}") = "CSharpCompiler.Tests", "CSharpCompiler.Tests\CSharpCompiler.Tests.csproj", "{23B310F3-7985-45E9-A8A8-5A4124358D65}"
EndProject
Project("{FAE04EC0-301F-11D3-BF4B-00C04F79EFBC}") = "CSharpCompiler.Cli", "CSharpCompiler.Cli\CSharpCompiler.Cli.csproj", "{33285076-38F8-4B72-B1A9-08DE73F56D2C}"
EndProject
Global
	GlobalSection(SolutionConfigurationPlatforms) = preSolution
		Debug|Any CPU = Debug|Any CPU
		Release|Any CPU = Release|Any CPU
	EndGlobalSection
	GlobalSection(ProjectConfigurationPlatforms) = postSolution
		{96B8AA30-90BD-436B-AAC1-FBEA37FA0F8D}.Debug|Any CPU.ActiveCfg = Debug|Any CPU
		{96B8AA30-90BD-436B-AAC1-FBEA37FA0F8D}.Debug|Any CPU.Build.0 = Debug|Any CPU
		{96B8AA30-90BD-436B-AAC1-FBEA37FA0F8D}.Release|Any CPU.ActiveCfg = Release|Any CPU
		{96B8AA30-90BD-436B-AAC1-FBEA37FA0F8D}.Release|Any CPU.Build.0 = Release|Any CPU
		{23B310F3-7985-45E9-A8A8-5A4124358D65}.Debug|Any CPU.ActiveCfg = Debug|Any CPU
		{23B310F3-7985-45E9-A8A8-5A4124358D65}.Debug|Any CPU.Build.0 = Debug|Any CPU
		{23B310F3-7985-45E9-A8A8-5A4124358D65}.Release|Any CPU.ActiveCfg = Release|Any CPU
		{23B310F3-7985-45E9-A8A8-5A4124358D65}.Release|Any CPU.Build.0 = Release|Any CPU
		{33285076-38F8-4B72-B1A9-08DE73F56D2C}.Debug|Any CPU.ActiveCfg = Debug|Any CPU
		{33285076-38F8-4B72-B1A9-08DE73F56D2C}.Debug|Any CPU.Build.0 = Debug|Any CPU
		{33285076-38F8-4B72-B1A9-08DE73F56D2C}.Release|Any CPU.ActiveCfg = Release|Any CPU
		{33285076-38F8-4B72-B1A9-08DE73F56D2C}.Release|Any CPU.Build.0 = Release|Any CPU
	EndGlobalSection
	GlobalSection(SolutionProperties) = preSolution
		HideSolutionNode = FALSE
	EndGlobalSection
EndGlobal
